
Microsoft Visual Studio Solution File, Format Version 12.00
# Visual Studio 15
VisualStudioVersion = 15.0.28307.421
MinimumVisualStudioVersion = 10.0.40219.1
Project("{159641D6-6404-4A2A-AE62-294DE0FE8301}") = "SSIS Vyuka 1", "SSIS Vyuka 1\SSIS Vyuka 1.dtproj", "{E8D2B927-0234-4E49-AC24-F0116CC06BEB}"
EndProject
Global
	GlobalSection(SolutionConfigurationPlatforms) = preSolution
		Development|Default = Development|Default
	EndGlobalSection
	GlobalSection(ProjectConfigurationPlatforms) = postSolution
		{E8D2B927-0234-4E49-AC24-F0116CC06BEB}.Development|Default.ActiveCfg = Development
		{E8D2B927-0234-4E49-AC24-F0116CC06BEB}.Development|Default.Build.0 = Development
	EndGlobalSection
	GlobalSection(SolutionProperties) = preSolution
		HideSolutionNode = FALSE
	EndGlobalSection
	GlobalSection(ExtensibilityGlobals) = postSolution
		SolutionGuid = {47A7DC80-D765-47B2-8BBB-A2B77FD59335}
	EndGlobalSection
EndGlobal
